
Microsoft Visual Studio Solution File, Format Version 12.00
# Visual Studio Version 16
VisualStudioVersion = 16.0.31624.102
MinimumVisualStudioVersion = 10.0.40219.1
Project("{FAE04EC0-301F-11D3-BF4B-00C04F79EFBC}") = "InvoiceUpload", "InvoiceUpload\InvoiceUpload.csproj", "{F80A5132-9446-4502-AD68-B8542FA85B21}"
EndProject
Project("{FAE04EC0-301F-11D3-BF4B-00C04F79EFBC}") = "InvoiceEngine.Services", "InvoiceEngine.Services\InvoiceEngine.Services.csproj", "{3E2F69DD-EA0E-4352-8763-5B67A0B53403}"
EndProject
Project("{FAE04EC0-301F-11D3-BF4B-00C04F79EFBC}") = "InvoiceEngine.Core", "InvoiceEngine.Core\InvoiceEngine.Core.csproj", "{9D72A19F-2F67-4C7F-A16F-7D9B8CE66B1F}"
EndProject
Project("{FAE04EC0-301F-11D3-BF4B-00C04F79EFBC}") = "InvoiceEngine.Data", "InvoiceEngine.Data\InvoiceEngine.Data.csproj", "{FBAC593D-71F9-4732-8CC7-3F43B9D97D15}"
EndProject
Global
	GlobalSection(SolutionConfigurationPlatforms) = preSolution
		Debug|Any CPU = Debug|Any CPU
		Release|Any CPU = Release|Any CPU
	EndGlobalSection
	GlobalSection(ProjectConfigurationPlatforms) = postSolution
		{F80A5132-9446-4502-AD68-B8542FA85B21}.Debug|Any CPU.ActiveCfg = Debug|Any CPU
		{F80A5132-9446-4502-AD68-B8542FA85B21}.Debug|Any CPU.Build.0 = Debug|Any CPU
		{F80A5132-9446-4502-AD68-B8542FA85B21}.Release|Any CPU.ActiveCfg = Release|Any CPU
		{F80A5132-9446-4502-AD68-B8542FA85B21}.Release|Any CPU.Build.0 = Release|Any CPU
		{3E2F69DD-EA0E-4352-8763-5B67A0B53403}.Debug|Any CPU.ActiveCfg = Debug|Any CPU
		{3E2F69DD-EA0E-4352-8763-5B67A0B53403}.Debug|Any CPU.Build.0 = Debug|Any CPU
		{3E2F69DD-EA0E-4352-8763-5B67A0B53403}.Release|Any CPU.ActiveCfg = Release|Any CPU
		{3E2F69DD-EA0E-4352-8763-5B67A0B53403}.Release|Any CPU.Build.0 = Release|Any CPU
		{9D72A19F-2F67-4C7F-A16F-7D9B8CE66B1F}.Debug|Any CPU.ActiveCfg = Debug|Any CPU
		{9D72A19F-2F67-4C7F-A16F-7D9B8CE66B1F}.Debug|Any CPU.Build.0 = Debug|Any CPU
		{9D72A19F-2F67-4C7F-A16F-7D9B8CE66B1F}.Release|Any CPU.ActiveCfg = Release|Any CPU
		{9D72A19F-2F67-4C7F-A16F-7D9B8CE66B1F}.Release|Any CPU.Build.0 = Release|Any CPU
		{FBAC593D-71F9-4732-8CC7-3F43B9D97D15}.Debug|Any CPU.ActiveCfg = Debug|Any CPU
		{FBAC593D-71F9-4732-8CC7-3F43B9D97D15}.Debug|Any CPU.Build.0 = Debug|Any CPU
		{FBAC593D-71F9-4732-8CC7-3F43B9D97D15}.Release|Any CPU.ActiveCfg = Release|Any CPU
		{FBAC593D-71F9-4732-8CC7-3F43B9D97D15}.Release|Any CPU.Build.0 = Release|Any CPU
	EndGlobalSection
	GlobalSection(SolutionProperties) = preSolution
		HideSolutionNode = FALSE
	EndGlobalSection
	GlobalSection(ExtensibilityGlobals) = postSolution
		SolutionGuid = {549720D1-4AB3-42C6-BF4B-5572A1A9E8A7}
	EndGlobalSection
EndGlobal
